<?xml version="1.0" encoding="utf-8"?>
<Project ToolsVersion="4.0" xmlns="http://schemas.microsoft.com/developer/msbuild/2003">
  <ItemGroup>
    <Filter Include="src">
      <UniqueIdentifier>{a8438d16-04f8-43f3-a2e8-d998786e51b9}</UniqueIdentifier>
    </Filter>
    <Filter Include="src\channel">
      <UniqueIdentifier>{a1572ba4-2ae8-4f61-affa-64316ad7972f}</UniqueIdentifier>
    </Filter>
    <Filter Include="src\oscillator">
      <UniqueIdentifier>{0f622de3-d6f3-49f0-a387-4b98167a2067}</UniqueIdentifier>
    </Filter>
    <Filter Include="src\wave">
      <UniqueIdentifier>{2c5759a5-74eb-4917-88dc-215b75fc118e}</UniqueIdentifier>
    </Filter>
    <Filter Include="src\envelope">
      <UniqueIdentifier>{443076ce-2690-4ee9-9a0a-1282fcb3b387}</UniqueIdentifier>
    </Filter>
    <Filter Include="src\util">
      <UniqueIdentifier>{598fa3e4-d4c5-4b9e-b63d-e3e97e837ebd}</UniqueIdentifier>
    </Filter>
    <Filter Include="src\oscillator\lfo">
      <UniqueIdentifier>{462fd2be-06c3-41ae-8233-f9c2453b1142}</UniqueIdentifier>
    </Filter>
  </ItemGroup>
  <ItemGroup>
    <ClCompile Include="Run.cpp">
      <Filter>src</Filter>
    </ClCompile>
    <ClCompile Include="Oscillator.cpp">
      <Filter>src\oscillator</Filter>
    </ClCompile>
    <ClCompile Include="Envelope.cpp">
      <Filter>src\oscillator\lfo</Filter>
    </ClCompile>
    <ClCompile Include="MultiLFO.cpp">
      <Filter>src\oscillator\lfo</Filter>
    </ClCompile>
    <ClCompile Include="WaveTable.cpp">
      <Filter>src\wave</Filter>
    </ClCompile>
    <ClCompile Include="EnvStage.cpp">
      <Filter>src\envelope</Filter>
    </ClCompile>
    <ClCompile Include="EnvShape.cpp">
      <Filter>src\envelope</Filter>
    </ClCompile>
    <ClCompile Include="Channel.cpp">
      <Filter>src\channel</Filter>
    </ClCompile>
    <ClCompile Include="ChannelSystem.cpp">
      <Filter>src\channel</Filter>
    </ClCompile>
    <ClCompile Include="ConversionUtils.cpp">
      <Filter>src\util</Filter>
    </ClCompile>
    <ClCompile Include="FunctionUtils.cpp">
      <Filter>src\util</Filter>
    </ClCompile>
  </ItemGroup>
  <ItemGroup>
    <ClInclude Include="Oscillator.h">
      <Filter>src\oscillator</Filter>
    </ClInclude>
    <ClInclude Include="LFO.h">
      <Filter>src\oscillator\lfo</Filter>
    </ClInclude>
    <ClInclude Include="Envelope.h">
      <Filter>src\oscillator\lfo</Filter>
    </ClInclude>
    <ClInclude Include="MultiLFO.h">
      <Filter>src\oscillator\lfo</Filter>
    </ClInclude>
    <ClInclude Include="WaveForm.h">
      <Filter>src\wave</Filter>
    </ClInclude>
    <ClInclude Include="WaveTable.h">
      <Filter>src\wave</Filter>
    </ClInclude>
    <ClInclude Include="EnvStage.h">
      <Filter>src\envelope</Filter>
    </ClInclude>
    <ClInclude Include="EnvShape.h">
      <Filter>src\envelope</Filter>
    </ClInclude>
    <ClInclude Include="Channel.h">
      <Filter>src\channel</Filter>
    </ClInclude>
    <ClInclude Include="ChannelSystem.h">
      <Filter>src\channel</Filter>
    </ClInclude>
    <ClInclude Include="ConversionUtils.h">
      <Filter>src\util</Filter>
    </ClInclude>
    <ClInclude Include="FunctionUtils.h">
      <Filter>src\util</Filter>
    </ClInclude>
    <ClInclude Include="Environment.h">
      <Filter>src</Filter>
    </ClInclude>
  </ItemGroup>
</Project>